<?xml version="1.0" encoding="utf-8"?>
<Project ToolsVersion="4.0" xmlns="http://schemas.microsoft.com/developer/msbuild/2003">
  <ItemGroup>
    <Filter Include="源文件">
      <UniqueIdentifier>{4FC737F1-C7A5-4376-A066-2A32D752A2FF}</UniqueIdentifier>
      <Extensions>cpp;c;cc;cxx;c++;cppm;ixx;def;odl;idl;hpj;bat;asm;asmx</Extensions>
    </Filter>
    <Filter Include="头文件">
      <UniqueIdentifier>{93995380-89BD-4b04-88EB-625FBE52EBFB}</UniqueIdentifier>
      <Extensions>h;hh;hpp;hxx;h++;hm;inl;inc;ipp;xsd</Extensions>
    </Filter>
    <Filter Include="资源文件">
      <UniqueIdentifier>{67DA6AB6-F800-4c08-8B7A-83BB121AAD01}</UniqueIdentifier>
      <Extensions>rc;ico;cur;bmp;dlg;rc2;rct;bin;rgs;gif;jpg;jpeg;jpe;resx;tiff;tif;png;wav;mfcribbon-ms</Extensions>
    </Filter>
    <Filter Include="源文件\Game">
      <UniqueIdentifier>{8360cc33-db24-466b-81fd-cdea39378438}</UniqueIdentifier>
    </Filter>
    <Filter Include="资源文件\Music">
      <UniqueIdentifier>{83df5ffa-d47a-4246-9844-2ad00c33dca3}</UniqueIdentifier>
    </Filter>
    <Filter Include="源文件\UI">
      <UniqueIdentifier>{d31b6651-4bb4-468a-9ca5-ba1cb3fcf814}</UniqueIdentifier>
    </Filter>
    <Filter Include="头文件\UI">
      <UniqueIdentifier>{c1e74a7d-fa4c-431d-a094-7e45fb264141}</UniqueIdentifier>
    </Filter>
    <Filter Include="头文件\Game">
      <UniqueIdentifier>{a5eca683-508e-4f69-ba4e-43604d31118d}</UniqueIdentifier>
    </Filter>
  </ItemGroup>
  <ItemGroup>
    <ClCompile Include="Main.cpp">
      <Filter>源文件</Filter>
    </ClCompile>
    <ClCompile Include="AssetManager.cpp">
      <Filter>源文件\Game</Filter>
    </ClCompile>
    <ClCompile Include="Settings.cpp">
      <Filter>源文件\Game</Filter>
    </ClCompile>
    <ClCompile Include="GlobalGame.cpp">
      <Filter>源文件\Game</Filter>
    </ClCompile>
    <ClCompile Include="Box.cpp">
      <Filter>源文件\UI</Filter>
    </ClCompile>
    <ClCompile Include="Grid.cpp">
      <Filter>源文件\UI</Filter>
    </ClCompile>
    <ClCompile Include="Player.cpp">
      <Filter>源文件\Game</Filter>
    </ClCompile>
    <ClCompile Include="GameUI.cpp">
      <Filter>源文件\UI</Filter>
    </ClCompile>
    <ClCompile Include="MenuUI.cpp">
      <Filter>源文件\UI</Filter>
    </ClCompile>
    <ClCompile Include="PauseUI.cpp">
      <Filter>源文件\UI</Filter>
    </ClCompile>
    <ClCompile Include="UserUI.cpp">
      <Filter>源文件\UI</Filter>
    </ClCompile>
    <ClCompile Include="AboutUI.cpp">
      <Filter>源文件\UI</Filter>
    </ClCompile>
    <ClCompile Include="OptionsUI.cpp">
      <Filter>源文件\UI</Filter>
    </ClCompile>
    <ClCompile Include="rankUI.cpp">
      <Filter>源文件</Filter>
    </ClCompile>
    <ClCompile Include="GlobalTitle.cpp">
      <Filter>源文件\Game</Filter>
    </ClCompile>
  </ItemGroup>
  <ItemGroup>
    <ClInclude Include="AssetManager.h">
      <Filter>头文件\Game</Filter>
    </ClInclude>
    <ClInclude Include="GlobalGame.h">
      <Filter>头文件\Game</Filter>
    </ClInclude>
    <ClInclude Include="Settings.h">
      <Filter>头文件\Game</Filter>
    </ClInclude>
    <ClInclude Include="UI.h">
      <Filter>头文件\UI</Filter>
    </ClInclude>
    <ClInclude Include="resource.h">
      <Filter>头文件</Filter>
    </ClInclude>
    <ClInclude Include="GameUI.h">
      <Filter>头文件\UI</Filter>
    </ClInclude>
    <ClInclude Include="Box.h">
      <Filter>头文件\UI</Filter>
    </ClInclude>
    <ClInclude Include="OptionsUI.h">
      <Filter>头文件\UI</Filter>
    </ClInclude>
    <ClInclude Include="Grid.h">
      <Filter>头文件\UI</Filter>
    </ClInclude>
    <ClInclude Include="Player.h">
      <Filter>头文件\Game</Filter>
    </ClInclude>
    <ClInclude Include="MenuUI.h">
      <Filter>头文件\UI</Filter>
    </ClInclude>
    <ClInclude Include="UserUI.h">
      <Filter>头文件\UI</Filter>
    </ClInclude>
    <ClInclude Include="AboutUI.h">
      <Filter>头文件\UI</Filter>
    </ClInclude>
    <ClInclude Include="GlobalTitle.h">
      <Filter>头文件\Game</Filter>
    </ClInclude>
    <ClInclude Include="PauseUI.h">
      <Filter>头文件\UI</Filter>
    </ClInclude>
    <ClInclude Include="rankUI.h">
      <Filter>头文件\UI</Filter>
    </ClInclude>
  </ItemGroup>
  <ItemGroup>
    <None Include="ClassDiagram.cd" />
  </ItemGroup>
</Project>